
Microsoft Visual Studio Solution File, Format Version 12.00
# Visual Studio Version 17
VisualStudioVersion = 17.4.33205.214
MinimumVisualStudioVersion = 10.0.40219.1
Project("{FAE04EC0-301F-11D3-BF4B-00C04F79EFBC}") = "Labwork 02.02.2023", "Labwork 02.02.2023.csproj", "{FFFF630A-5D58-404B-99BA-621581598A53}"
EndProject
Global
	GlobalSection(SolutionConfigurationPlatforms) = preSolution
		Debug|Any CPU = Debug|Any CPU
		Release|Any CPU = Release|Any CPU
	EndGlobalSection
	GlobalSection(ProjectConfigurationPlatforms) = postSolution
		{FFFF630A-5D58-404B-99BA-621581598A53}.Debug|Any CPU.ActiveCfg = Debug|Any CPU
		{FFFF630A-5D58-404B-99BA-621581598A53}.Debug|Any CPU.Build.0 = Debug|Any CPU
		{FFFF630A-5D58-404B-99BA-621581598A53}.Release|Any CPU.ActiveCfg = Release|Any CPU
		{FFFF630A-5D58-404B-99BA-621581598A53}.Release|Any CPU.Build.0 = Release|Any CPU
	EndGlobalSection
	GlobalSection(SolutionProperties) = preSolution
		HideSolutionNode = FALSE
	EndGlobalSection
	GlobalSection(ExtensibilityGlobals) = postSolution
		SolutionGuid = {8EC74CA3-8B62-4B7F-9133-8A8C48FAB43E}
	EndGlobalSection
EndGlobal
